// !$*UTF8*$!
{
	archiveVersion = 1;
	classes = {
	};
	objectVersion = 56;
	objects = {

/* Begin PBXBuildFile section */
		184E9E0429F58B38000597DF /* AppDelegate.swift in Sources */ = {isa = PBXBuildFile; fileRef = 184E9E0329F58B38000597DF /* AppDelegate.swift */; };
		184E9E0629F58B38000597DF /* SceneDelegate.swift in Sources */ = {isa = PBXBuildFile; fileRef = 184E9E0529F58B38000597DF /* SceneDelegate.swift */; };
		184E9E0829F58B38000597DF /* ViewController.swift in Sources */ = {isa = PBXBuildFile; fileRef = 184E9E0729F58B38000597DF /* ViewController.swift */; };
		184E9E0B29F58B38000597DF /* Main.storyboard in Resources */ = {isa = PBXBuildFile; fileRef = 184E9E0929F58B38000597DF /* Main.storyboard */; };
		184E9E0D29F58B39000597DF /* Assets.xcassets in Resources */ = {isa = PBXBuildFile; fileRef = 184E9E0C29F58B39000597DF /* Assets.xcassets */; };
		184E9E1029F58B39000597DF /* LaunchScreen.storyboard in Resources */ = {isa = PBXBuildFile; fileRef = 184E9E0E29F58B39000597DF /* LaunchScreen.storyboard */; };
		184E9E1B29F58B39000597DF /* Homework_7Tests.swift in Sources */ = {isa = PBXBuildFile; fileRef = 184E9E1A29F58B39000597DF /* Homework_7Tests.swift */; };
		184E9E2529F58B39000597DF /* Homework_7UITests.swift in Sources */ = {isa = PBXBuildFile; fileRef = 184E9E2429F58B39000597DF /* Homework_7UITests.swift */; };
		184E9E2729F58B39000597DF /* Homework_7UITestsLaunchTests.swift in Sources */ = {isa = PBXBuildFile; fileRef = 184E9E2629F58B39000597DF /* Homework_7UITestsLaunchTests.swift */; };
/* End PBXBuildFile section */

/* Begin PBXContainerItemProxy section */
		184E9E1729F58B39000597DF /* PBXContainerItemProxy */ = {
			isa = PBXContainerItemProxy;
			containerPortal = 184E9DF829F58B38000597DF /* Project object */;
			proxyType = 1;
			remoteGlobalIDString = 184E9DFF29F58B38000597DF;
			remoteInfo = "Homework 7";
		};
		184E9E2129F58B39000597DF /* PBXContainerItemProxy */ = {
			isa = PBXContainerItemProxy;
			containerPortal = 184E9DF829F58B38000597DF /* Project object */;
			proxyType = 1;
			remoteGlobalIDString = 184E9DFF29F58B38000597DF;
			remoteInfo = "Homework 7";
		};
/* End PBXContainerItemProxy section */

/* Begin PBXFileReference section */
		184E9E0029F58B38000597DF /* Homework 7.app */ = {isa = PBXFileReference; explicitFileType = wrapper.application; includeInIndex = 0; path = "Homework 7.app"; sourceTree = BUILT_PRODUCTS_DIR; };
		184E9E0329F58B38000597DF /* AppDelegate.swift */ = {isa = PBXFileReference; lastKnownFileType = sourcecode.swift; path = AppDelegate.swift; sourceTree = "<group>"; };
		184E9E0529F58B38000597DF /* SceneDelegate.swift */ = {isa = PBXFileReference; lastKnownFileType = sourcecode.swift; path = SceneDelegate.swift; sourceTree = "<group>"; };
		184E9E0729F58B38000597DF /* ViewController.swift */ = {isa = PBXFileReference; lastKnownFileType = sourcecode.swift; path = ViewController.swift; sourceTree = "<group>"; };
		184E9E0A29F58B38000597DF /* Base */ = {isa = PBXFileReference; lastKnownFileType = file.storyboard; name = Base; path = Base.lproj/Main.storyboard; sourceTree = "<group>"; };
		184E9E0C29F58B39000597DF /* Assets.xcassets */ = {isa = PBXFileReference; lastKnownFileType = folder.assetcatalog; path = Assets.xcassets; sourceTree = "<group>"; };
		184E9E0F29F58B39000597DF /* Base */ = {isa = PBXFileReference; lastKnownFileType = file.storyboard; name = Base; path = Base.lproj/LaunchScreen.storyboard; sourceTree = "<group>"; };
		184E9E1129F58B39000597DF /* Info.plist */ = {isa = PBXFileReference; lastKnownFileType = text.plist.xml; path = Info.plist; sourceTree = "<group>"; };
		184E9E1629F58B39000597DF /* Homework 7Tests.xctest */ = {isa = PBXFileReference; explicitFileType = wrapper.cfbundle; includeInIndex = 0; path = "Homework 7Tests.xctest"; sourceTree = BUILT_PRODUCTS_DIR; };
		184E9E1A29F58B39000597DF /* Homework_7Tests.swift */ = {isa = PBXFileReference; lastKnownFileType = sourcecode.swift; path = Homework_7Tests.swift; sourceTree = "<group>"; };
		184E9E2029F58B39000597DF /* Homework 7UITests.xctest */ = {isa = PBXFileReference; explicitFileType = wrapper.cfbundle; includeInIndex = 0; path = "Homework 7UITests.xctest"; sourceTree = BUILT_PRODUCTS_DIR; };
		184E9E2429F58B39000597DF /* Homework_7UITests.swift */ = {isa = PBXFileReference; lastKnownFileType = sourcecode.swift; path = Homework_7UITests.swift; sourceTree = "<group>"; };
		184E9E2629F58B39000597DF /* Homework_7UITestsLaunchTests.swift */ = {isa = PBXFileReference; lastKnownFileType = sourcecode.swift; path = Homework_7UITestsLaunchTests.swift; sourceTree = "<group>"; };
/* End PBXFileReference section */

/* Begin PBXFrameworksBuildPhase section */
		184E9DFD29F58B38000597DF /* Frameworks */ = {
			isa = PBXFrameworksBuildPhase;
			buildActionMask = 2147483647;
			files = (
			);
			runOnlyForDeploymentPostprocessing = 0;
		};
		184E9E1329F58B39000597DF /* Frameworks */ = {
			isa = PBXFrameworksBuildPhase;
			buildActionMask = 2147483647;
			files = (
			);
			runOnlyForDeploymentPostprocessing = 0;
		};
		184E9E1D29F58B39000597DF /* Frameworks */ = {
			isa = PBXFrameworksBuildPhase;
			buildActionMask = 2147483647;
			files = (
			);
			runOnlyForDeploymentPostprocessing = 0;
		};
/* End PBXFrameworksBuildPhase section */

/* Begin PBXGroup section */
		184E9DF729F58B38000597DF = {
			isa = PBXGroup;
			children = (
				184E9E0229F58B38000597DF /* Homework 7 */,
				184E9E1929F58B39000597DF /* Homework 7Tests */,
				184E9E2329F58B39000597DF /* Homework 7UITests */,
				184E9E0129F58B38000597DF /* Products */,
			);
			sourceTree = "<group>";
		};
		184E9E0129F58B38000597DF /* Products */ = {
			isa = PBXGroup;
			children = (
				184E9E0029F58B38000597DF /* Homework 7.app */,
				184E9E1629F58B39000597DF /* Homework 7Tests.xctest */,
				184E9E2029F58B39000597DF /* Homework 7UITests.xctest */,
			);
			name = Products;
			sourceTree = "<group>";
		};
		184E9E0229F58B38000597DF /* Homework 7 */ = {
			isa = PBXGroup;
			children = (
				184E9E0329F58B38000597DF /* AppDelegate.swift */,
				184E9E0529F58B38000597DF /* SceneDelegate.swift */,
				184E9E0729F58B38000597DF /* ViewController.swift */,
				184E9E0929F58B38000597DF /* Main.storyboard */,
				184E9E0C29F58B39000597DF /* Assets.xcassets */,
				184E9E0E29F58B39000597DF /* LaunchScreen.storyboard */,
				184E9E1129F58B39000597DF /* Info.plist */,
			);
			path = "Homework 7";
			sourceTree = "<group>";
		};
		184E9E1929F58B39000597DF /* Homework 7Tests */ = {
			isa = PBXGroup;
			children = (
				184E9E1A29F58B39000597DF /* Homework_7Tests.swift */,
			);
			path = "Homework 7Tests";
			sourceTree = "<group>";
		};
		184E9E2329F58B39000597DF /* Homework 7UITests */ = {
			isa = PBXGroup;
			children = (
				184E9E2429F58B39000597DF /* Homework_7UITests.swift */,
				184E9E2629F58B39000597DF /* Homework_7UITestsLaunchTests.swift */,
			);
			path = "Homework 7UITests";
			sourceTree = "<group>";
		};
/* End PBXGroup section */

/* Begin PBXNativeTarget section */
		184E9DFF29F58B38000597DF /* Homework 7 */ = {
			isa = PBXNativeTarget;
			buildConfigurationList = 184E9E2A29F58B39000597DF /* Build configuration list for PBXNativeTarget "Homework 7" */;
			buildPhases = (
				184E9DFC29F58B38000597DF /* Sources */,
				184E9DFD29F58B38000597DF /* Frameworks */,
				184E9DFE29F58B38000597DF /* Resources */,
			);
			buildRules = (
			);
			dependencies = (
			);
			name = "Homework 7";
			productName = "Homework 7";
			productReference = 184E9E0029F58B38000597DF /* Homework 7.app */;
			productType = "com.apple.product-type.application";
		};
		184E9E1529F58B39000597DF /* Homework 7Tests */ = {
			isa = PBXNativeTarget;
			buildConfigurationList = 184E9E2D29F58B39000597DF /* Build configuration list for PBXNativeTarget "Homework 7Tests" */;
			buildPhases = (
				184E9E1229F58B39000597DF /* Sources */,
				184E9E1329F58B39000597DF /* Frameworks */,
				184E9E1429F58B39000597DF /* Resources */,
			);
			buildRules = (
			);
			dependencies = (
				184E9E1829F58B39000597DF /* PBXTargetDependency */,
			);
			name = "Homework 7Tests";
			productName = "Homework 7Tests";
			productReference = 184E9E1629F58B39000597DF /* Homework 7Tests.xctest */;
			productType = "com.apple.product-type.bundle.unit-test";
		};
		184E9E1F29F58B39000597DF /* Homework 7UITests */ = {
			isa = PBXNativeTarget;
			buildConfigurationList = 184E9E3029F58B39000597DF /* Build configuration list for PBXNativeTarget "Homework 7UITests" */;
			buildPhases = (
				184E9E1C29F58B39000597DF /* Sources */,
				184E9E1D29F58B39000597DF /* Frameworks */,
				184E9E1E29F58B39000597DF /* Resources */,
			);
			buildRules = (
			);
			dependencies = (
				184E9E2229F58B39000597DF /* PBXTargetDependency */,
			);
			name = "Homework 7UITests";
			productName = "Homework 7UITests";
			productReference = 184E9E2029F58B39000597DF /* Homework 7UITests.xctest */;
			productType = "com.apple.product-type.bundle.ui-testing";
		};
/* End PBXNativeTarget section */

/* Begin PBXProject section */
		184E9DF829F58B38000597DF /* Project object */ = {
			isa = PBXProject;
			attributes = {
				BuildIndependentTargetsInParallel = 1;
				LastSwiftUpdateCheck = 1430;
				LastUpgradeCheck = 1430;
				TargetAttributes = {
					184E9DFF29F58B38000597DF = {
						CreatedOnToolsVersion = 14.3;
					};
					184E9E1529F58B39000597DF = {
						CreatedOnToolsVersion = 14.3;
						TestTargetID = 184E9DFF29F58B38000597DF;
					};
					184E9E1F29F58B39000597DF = {
						CreatedOnToolsVersion = 14.3;
						TestTargetID = 184E9DFF29F58B38000597DF;
					};
				};
			};
			buildConfigurationList = 184E9DFB29F58B38000597DF /* Build configuration list for PBXProject "Homework 7" */;
			compatibilityVersion = "Xcode 14.0";
			developmentRegion = en;
			hasScannedForEncodings = 0;
			knownRegions = (
				en,
				Base,
			);
			mainGroup = 184E9DF729F58B38000597DF;
			productRefGroup = 184E9E0129F58B38000597DF /* Products */;
			projectDirPath = "";
			projectRoot = "";
			targets = (
				184E9DFF29F58B38000597DF /* Homework 7 */,
				184E9E1529F58B39000597DF /* Homework 7Tests */,
				184E9E1F29F58B39000597DF /* Homework 7UITests */,
			);
		};
/* End PBXProject section */

/* Begin PBXResourcesBuildPhase section */
		184E9DFE29F58B38000597DF /* Resources */ = {
			isa = PBXResourcesBuildPhase;
			buildActionMask = 2147483647;
			files = (
				184E9E1029F58B39000597DF /* LaunchScreen.storyboard in Resources */,
				184E9E0D29F58B39000597DF /* Assets.xcassets in Resources */,
				184E9E0B29F58B38000597DF /* Main.storyboard in Resources */,
			);
			runOnlyForDeploymentPostprocessing = 0;
		};
		184E9E1429F58B39000597DF /* Resources */ = {
			isa = PBXResourcesBuildPhase;
			buildActionMask = 2147483647;
			files = (
			);
			runOnlyForDeploymentPostprocessing = 0;
		};
		184E9E1E29F58B39000597DF /* Resources */ = {
			isa = PBXResourcesBuildPhase;
			buildActionMask = 2147483647;
			files = (
			);
			runOnlyForDeploymentPostprocessing = 0;
		};
/* End PBXResourcesBuildPhase section */

/* Begin PBXSourcesBuildPhase section */
		184E9DFC29F58B38000597DF /* Sources */ = {
			isa = PBXSourcesBuildPhase;
			buildActionMask = 2147483647;
			files = (
				184E9E0829F58B38000597DF /* ViewController.swift in Sources */,
				184E9E0429F58B38000597DF /* AppDelegate.swift in Sources */,
				184E9E0629F58B38000597DF /* SceneDelegate.swift in Sources */,
			);
			runOnlyForDeploymentPostprocessing = 0;
		};
		184E9E1229F58B39000597DF /* Sources */ = {
			isa = PBXSourcesBuildPhase;
			buildActionMask = 2147483647;
			files = (
				184E9E1B29F58B39000597DF /* Homework_7Tests.swift in Sources */,
			);
			runOnlyForDeploymentPostprocessing = 0;
		};
		184E9E1C29F58B39000597DF /* Sources */ = {
			isa = PBXSourcesBuildPhase;
			buildActionMask = 2147483647;
			files = (
				184E9E2729F58B39000597DF /* Homework_7UITestsLaunchTests.swift in Sources */,
				184E9E2529F58B39000597DF /* Homework_7UITests.swift in Sources */,
			);
			runOnlyForDeploymentPostprocessing = 0;
		};
/* End PBXSourcesBuildPhase section */

/* Begin PBXTargetDependency section */
		184E9E1829F58B39000597DF /* PBXTargetDependency */ = {
			isa = PBXTargetDependency;
			target = 184E9DFF29F58B38000597DF /* Homework 7 */;
			targetProxy = 184E9E1729F58B39000597DF /* PBXContainerItemProxy */;
		};
		184E9E2229F58B39000597DF /* PBXTargetDependency */ = {
			isa = PBXTargetDependency;
			target = 184E9DFF29F58B38000597DF /* Homework 7 */;
			targetProxy = 184E9E2129F58B39000597DF /* PBXContainerItemProxy */;
		};
/* End PBXTargetDependency section */

/* Begin PBXVariantGroup section */
		184E9E0929F58B38000597DF /* Main.storyboard */ = {
			isa = PBXVariantGroup;
			children = (
				184E9E0A29F58B38000597DF /* Base */,
			);
			name = Main.storyboard;
			sourceTree = "<group>";
		};
		184E9E0E29F58B39000597DF /* LaunchScreen.storyboard */ = {
			isa = PBXVariantGroup;
			children = (
				184E9E0F29F58B39000597DF /* Base */,
			);
			name = LaunchScreen.storyboard;
			sourceTree = "<group>";
		};
/* End PBXVariantGroup section */

/* Begin XCBuildConfiguration section */
		184E9E2829F58B39000597DF /* Debug */ = {
			isa = XCBuildConfiguration;
			buildSettings = {
				ALWAYS_SEARCH_USER_PATHS = NO;
				CLANG_ANALYZER_NONNULL = YES;
				CLANG_ANALYZER_NUMBER_OBJECT_CONVERSION = YES_AGGRESSIVE;
				CLANG_CXX_LANGUAGE_STANDARD = "gnu++20";
				CLANG_ENABLE_MODULES = YES;
				CLANG_ENABLE_OBJC_ARC = YES;
				CLANG_ENABLE_OBJC_WEAK = YES;
				CLANG_WARN_BLOCK_CAPTURE_AUTORELEASING = YES;
				CLANG_WARN_BOOL_CONVERSION = YES;
				CLANG_WARN_COMMA = YES;
				CLANG_WARN_CONSTANT_CONVERSION = YES;
				CLANG_WARN_DEPRECATED_OBJC_IMPLEMENTATIONS = YES;
				CLANG_WARN_DIRECT_OBJC_ISA_USAGE = YES_ERROR;
				CLANG_WARN_DOCUMENTATION_COMMENTS = YES;
				CLANG_WARN_EMPTY_BODY = YES;
				CLANG_WARN_ENUM_CONVERSION = YES;
				CLANG_WARN_INFINITE_RECURSION = YES;
				CLANG_WARN_INT_CONVERSION = YES;
				CLANG_WARN_NON_LITERAL_NULL_CONVERSION = YES;
				CLANG_WARN_OBJC_IMPLICIT_RETAIN_SELF = YES;
				CLANG_WARN_OBJC_LITERAL_CONVERSION = YES;
				CLANG_WARN_OBJC_ROOT_CLASS = YES_ERROR;
				CLANG_WARN_QUOTED_INCLUDE_IN_FRAMEWORK_HEADER = YES;
				CLANG_WARN_RANGE_LOOP_ANALYSIS = YES;
				CLANG_WARN_STRICT_PROTOTYPES = YES;
				CLANG_WARN_SUSPICIOUS_MOVE = YES;
				CLANG_WARN_UNGUARDED_AVAILABILITY = YES_AGGRESSIVE;
				CLANG_WARN_UNREACHABLE_CODE = YES;
				CLANG_WARN__DUPLICATE_METHOD_MATCH = YES;
				COPY_PHASE_STRIP = NO;
				DEBUG_INFORMATION_FORMAT = dwarf;
				ENABLE_STRICT_OBJC_MSGSEND = YES;
				ENABLE_TESTABILITY = YES;
				GCC_C_LANGUAGE_STANDARD = gnu11;
				GCC_DYNAMIC_NO_PIC = NO;
				GCC_NO_COMMON_BLOCKS = YES;
				GCC_OPTIMIZATION_LEVEL = 0;
				GCC_PREPROCESSOR_DEFINITIONS = (
					"DEBUG=1",
					"$(inherited)",
				);
				GCC_WARN_64_TO_32_BIT_CONVERSION = YES;
				GCC_WARN_ABOUT_RETURN_TYPE = YES_ERROR;
				GCC_WARN_UNDECLARED_SELECTOR = YES;
				GCC_WARN_UNINITIALIZED_AUTOS = YES_AGGRESSIVE;
				GCC_WARN_UNUSED_FUNCTION = YES;
				GCC_WARN_UNUSED_VARIABLE = YES;
				IPHONEOS_DEPLOYMENT_TARGET = 16.4;
				MTL_ENABLE_DEBUG_INFO = INCLUDE_SOURCE;
				MTL_FAST_MATH = YES;
				ONLY_ACTIVE_ARCH = YES;
				SDKROOT = iphoneos;
				SWIFT_ACTIVE_COMPILATION_CONDITIONS = DEBUG;
				SWIFT_OPTIMIZATION_LEVEL = "-Onone";
			};
			name = Debug;
		};
		184E9E2929F58B39000597DF /* Release */ = {
			isa = XCBuildConfiguration;
			buildSettings = {
				ALWAYS_SEARCH_USER_PATHS = NO;
				CLANG_ANALYZER_NONNULL = YES;
				CLANG_ANALYZER_NUMBER_OBJECT_CONVERSION = YES_AGGRESSIVE;
				CLANG_CXX_LANGUAGE_STANDARD = "gnu++20";
				CLANG_ENABLE_MODULES = YES;
				CLANG_ENABLE_OBJC_ARC = YES;
				CLANG_ENABLE_OBJC_WEAK = YES;
				CLANG_WARN_BLOCK_CAPTURE_AUTORELEASING = YES;
				CLANG_WARN_BOOL_CONVERSION = YES;
				CLANG_WARN_COMMA = YES;
				CLANG_WARN_CONSTANT_CONVERSION = YES;
				CLANG_WARN_DEPRECATED_OBJC_IMPLEMENTATIONS = YES;
				CLANG_WARN_DIRECT_OBJC_ISA_USAGE = YES_ERROR;
				CLANG_WARN_DOCUMENTATION_COMMENTS = YES;
				CLANG_WARN_EMPTY_BODY = YES;
				CLANG_WARN_ENUM_CONVERSION = YES;
				CLANG_WARN_INFINITE_RECURSION = YES;
				CLANG_WARN_INT_CONVERSION = YES;
				CLANG_WARN_NON_LITERAL_NULL_CONVERSION = YES;
				CLANG_WARN_OBJC_IMPLICIT_RETAIN_SELF = YES;
				CLANG_WARN_OBJC_LITERAL_CONVERSION = YES;
				CLANG_WARN_OBJC_ROOT_CLASS = YES_ERROR;
				CLANG_WARN_QUOTED_INCLUDE_IN_FRAMEWORK_HEADER = YES;
				CLANG_WARN_RANGE_LOOP_ANALYSIS = YES;
				CLANG_WARN_STRICT_PROTOTYPES = YES;
				CLANG_WARN_SUSPICIOUS_MOVE = YES;
				CLANG_WARN_UNGUARDED_AVAILABILITY = YES_AGGRESSIVE;
				CLANG_WARN_UNREACHABLE_CODE = YES;
				CLANG_WARN__DUPLICATE_METHOD_MATCH = YES;
				COPY_PHASE_STRIP = NO;
				DEBUG_INFORMATION_FORMAT = "dwarf-with-dsym";
				ENABLE_NS_ASSERTIONS = NO;
				ENABLE_STRICT_OBJC_MSGSEND = YES;
				GCC_C_LANGUAGE_STANDARD = gnu11;
				GCC_NO_COMMON_BLOCKS = YES;
				GCC_WARN_64_TO_32_BIT_CONVERSION = YES;
				GCC_WARN_ABOUT_RETURN_TYPE = YES_ERROR;
				GCC_WARN_UNDECLARED_SELECTOR = YES;
				GCC_WARN_UNINITIALIZED_AUTOS = YES_AGGRESSIVE;
				GCC_WARN_UNUSED_FUNCTION = YES;
				GCC_WARN_UNUSED_VARIABLE = YES;
				IPHONEOS_DEPLOYMENT_TARGET = 16.4;
				MTL_ENABLE_DEBUG_INFO = NO;
				MTL_FAST_MATH = YES;
				SDKROOT = iphoneos;
				SWIFT_COMPILATION_MODE = wholemodule;
				SWIFT_OPTIMIZATION_LEVEL = "-O";
				VALIDATE_PRODUCT = YES;
			};
			name = Release;
		};
		184E9E2B29F58B39000597DF /* Debug */ = {
			isa = XCBuildConfiguration;
			buildSettings = {
				ASSETCATALOG_COMPILER_APPICON_NAME = AppIcon;
				ASSETCATALOG_COMPILER_GLOBAL_ACCENT_COLOR_NAME = AccentColor;
				CODE_SIGN_STYLE = Automatic;
				CURRENT_PROJECT_VERSION = 1;
				DEVELOPMENT_TEAM = MP8DM6F98N;
				GENERATE_INFOPLIST_FILE = YES;
				INFOPLIST_FILE = "Homework 7/Info.plist";
				INFOPLIST_KEY_UIApplicationSupportsIndirectInputEvents = YES;
				INFOPLIST_KEY_UILaunchStoryboardName = LaunchScreen;
				INFOPLIST_KEY_UIMainStoryboardFile = Main;
				INFOPLIST_KEY_UISupportedInterfaceOrientations_iPad = "UIInterfaceOrientationPortrait UIInterfaceOrientationPortraitUpsideDown UIInterfaceOrientationLandscapeLeft UIInterfaceOrientationLandscapeRight";
				INFOPLIST_KEY_UISupportedInterfaceOrientations_iPhone = "UIInterfaceOrientationPortrait UIInterfaceOrientationLandscapeLeft UIInterfaceOrientationLandscapeRight";
				LD_RUNPATH_SEARCH_PATHS = (
					"$(inherited)",
					"@executable_path/Frameworks",
				);
				MARKETING_VERSION = 1.0;
				PRODUCT_BUNDLE_IDENTIFIER = "DkairiBoone.Homework-7";
				PRODUCT_NAME = "$(TARGET_NAME)";
				SWIFT_EMIT_LOC_STRINGS = YES;
				SWIFT_VERSION = 5.0;
				TARGETED_DEVICE_FAMILY = "1,2";
			};
			name = Debug;
		};
		184E9E2C29F58B39000597DF /* Release */ = {
			isa = XCBuildConfiguration;
			buildSettings = {
				ASSETCATALOG_COMPILER_APPICON_NAME = AppIcon;
				ASSETCATALOG_COMPILER_GLOBAL_ACCENT_COLOR_NAME = AccentColor;
				CODE_SIGN_STYLE = Automatic;
				CURRENT_PROJECT_VERSION = 1;
				DEVELOPMENT_TEAM = MP8DM6F98N;
				GENERATE_INFOPLIST_FILE = YES;
				INFOPLIST_FILE = "Homework 7/Info.plist";
				INFOPLIST_KEY_UIApplicationSupportsIndirectInputEvents = YES;
				INFOPLIST_KEY_UILaunchStoryboardName = LaunchScreen;
				INFOPLIST_KEY_UIMainStoryboardFile = Main;
				INFOPLIST_KEY_UISupportedInterfaceOrientations_iPad = "UIInterfaceOrientationPortrait UIInterfaceOrientationPortraitUpsideDown UIInterfaceOrientationLandscapeLeft UIInterfaceOrientationLandscapeRight";
				INFOPLIST_KEY_UISupportedInterfaceOrientations_iPhone = "UIInterfaceOrientationPortrait UIInterfaceOrientationLandscapeLeft UIInterfaceOrientationLandscapeRight";
				LD_RUNPATH_SEARCH_PATHS = (
					"$(inherited)",
					"@executable_path/Frameworks",
				);
				MARKETING_VERSION = 1.0;
				PRODUCT_BUNDLE_IDENTIFIER = "DkairiBoone.Homework-7";
				PRODUCT_NAME = "$(TARGET_NAME)";
				SWIFT_EMIT_LOC_STRINGS = YES;
				SWIFT_VERSION = 5.0;
				TARGETED_DEVICE_FAMILY = "1,2";
			};
			name = Release;
		};
		184E9E2E29F58B39000597DF /* Debug */ = {
			isa = XCBuildConfiguration;
			buildSettings = {
				ALWAYS_EMBED_SWIFT_STANDARD_LIBRARIES = YES;
				BUNDLE_LOADER = "$(TEST_HOST)";
				CODE_SIGN_STYLE = Automatic;
				CURRENT_PROJECT_VERSION = 1;
				DEVELOPMENT_TEAM = MP8DM6F98N;
				GENERATE_INFOPLIST_FILE = YES;
				IPHONEOS_DEPLOYMENT_TARGET = 16.4;
				MARKETING_VERSION = 1.0;
				PRODUCT_BUNDLE_IDENTIFIER = "DkairiBoone.Homework-7Tests";
				PRODUCT_NAME = "$(TARGET_NAME)";
				SWIFT_EMIT_LOC_STRINGS = NO;
				SWIFT_VERSION = 5.0;
				TARGETED_DEVICE_FAMILY = "1,2";
				TEST_HOST = "$(BUILT_PRODUCTS_DIR)/Homework 7.app/$(BUNDLE_EXECUTABLE_FOLDER_PATH)/Homework 7";
			};
			name = Debug;
		};
		184E9E2F29F58B39000597DF /* Release */ = {
			isa = XCBuildConfiguration;
			buildSettings = {
				ALWAYS_EMBED_SWIFT_STANDARD_LIBRARIES = YES;
				BUNDLE_LOADER = "$(TEST_HOST)";
				CODE_SIGN_STYLE = Automatic;
				CURRENT_PROJECT_VERSION = 1;
				DEVELOPMENT_TEAM = MP8DM6F98N;
				GENERATE_INFOPLIST_FILE = YES;
				IPHONEOS_DEPLOYMENT_TARGET = 16.4;
				MARKETING_VERSION = 1.0;
				PRODUCT_BUNDLE_IDENTIFIER = "DkairiBoone.Homework-7Tests";
				PRODUCT_NAME = "$(TARGET_NAME)";
				SWIFT_EMIT_LOC_STRINGS = NO;
				SWIFT_VERSION = 5.0;
				TARGETED_DEVICE_FAMILY = "1,2";
				TEST_HOST = "$(BUILT_PRODUCTS_DIR)/Homework 7.app/$(BUNDLE_EXECUTABLE_FOLDER_PATH)/Homework 7";
			};
			name = Release;
		};
		184E9E3129F58B39000597DF /* Debug */ = {
			isa = XCBuildConfiguration;
			buildSettings = {
				ALWAYS_EMBED_SWIFT_STANDARD_LIBRARIES = YES;
				CODE_SIGN_STYLE = Automatic;
				CURRENT_PROJECT_VERSION = 1;
				DEVELOPMENT_TEAM = MP8DM6F98N;
				GENERATE_INFOPLIST_FILE = YES;
				MARKETING_VERSION = 1.0;
				PRODUCT_BUNDLE_IDENTIFIER = "DkairiBoone.Homework-7UITests";
				PRODUCT_NAME = "$(TARGET_NAME)";
				SWIFT_EMIT_LOC_STRINGS = NO;
				SWIFT_VERSION = 5.0;
				TARGETED_DEVICE_FAMILY = "1,2";
				TEST_TARGET_NAME = "Homework 7";
			};
			name = Debug;
		};
		184E9E3229F58B39000597DF /* Release */ = {
			isa = XCBuildConfiguration;
			buildSettings = {
				ALWAYS_EMBED_SWIFT_STANDARD_LIBRARIES = YES;
				CODE_SIGN_STYLE = Automatic;
				CURRENT_PROJECT_VERSION = 1;
				DEVELOPMENT_TEAM = MP8DM6F98N;
				GENERATE_INFOPLIST_FILE = YES;
				MARKETING_VERSION = 1.0;
				PRODUCT_BUNDLE_IDENTIFIER = "DkairiBoone.Homework-7UITests";
				PRODUCT_NAME = "$(TARGET_NAME)";
				SWIFT_EMIT_LOC_STRINGS = NO;
				SWIFT_VERSION = 5.0;
				TARGETED_DEVICE_FAMILY = "1,2";
				TEST_TARGET_NAME = "Homework 7";
			};
			name = Release;
		};
/* End XCBuildConfiguration section */

/* Begin XCConfigurationList section */
		184E9DFB29F58B38000597DF /* Build configuration list for PBXProject "Homework 7" */ = {
			isa = XCConfigurationList;
			buildConfigurations = (
				184E9E2829F58B39000597DF /* Debug */,
				184E9E2929F58B39000597DF /* Release */,
			);
			defaultConfigurationIsVisible = 0;
			defaultConfigurationName = Release;
		};
		184E9E2A29F58B39000597DF /* Build configuration list for PBXNativeTarget "Homework 7" */ = {
			isa = XCConfigurationList;
			buildConfigurations = (
				184E9E2B29F58B39000597DF /* Debug */,
				184E9E2C29F58B39000597DF /* Release */,
			);
			defaultConfigurationIsVisible = 0;
			defaultConfigurationName = Release;
		};
		184E9E2D29F58B39000597DF /* Build configuration list for PBXNativeTarget "Homework 7Tests" */ = {
			isa = XCConfigurationList;
			buildConfigurations = (
				184E9E2E29F58B39000597DF /* Debug */,
				184E9E2F29F58B39000597DF /* Release */,
			);
			defaultConfigurationIsVisible = 0;
			defaultConfigurationName = Release;
		};
		184E9E3029F58B39000597DF /* Build configuration list for PBXNativeTarget "Homework 7UITests" */ = {
			isa = XCConfigurationList;
			buildConfigurations = (
				184E9E3129F58B39000597DF /* Debug */,
				184E9E3229F58B39000597DF /* Release */,
			);
			defaultConfigurationIsVisible = 0;
			defaultConfigurationName = Release;
		};
/* End XCConfigurationList section */
	};
	rootObject = 184E9DF829F58B38000597DF /* Project object */;
}
